
Microsoft Visual Studio Solution File, Format Version 12.00
# Visual Studio Version 16
VisualStudioVersion = 16.0.29905.134
MinimumVisualStudioVersion = 10.0.40219.1
Project("{8BC9CEB8-8B4A-11D0-8D11-00A0C91BC942}") = "14681-사분면 고르기", "14681-사분면 고르기\14681-사분면 고르기.vcxproj", "{02D60418-2AEB-43A1-B995-C15644433DEE}"
EndProject
Project("{8BC9CEB8-8B4A-11D0-8D11-00A0C91BC942}") = "10951-A+B-4", "10951-A+B-4\10951-A+B-4.vcxproj", "{836148CE-BBCE-47D7-AFE7-277F32C02E37}"
EndProject
Project("{8BC9CEB8-8B4A-11D0-8D11-00A0C91BC942}") = "5543-상근날드", "5543-상근날드\5543-상근날드.vcxproj", "{C590188A-A962-4354-9DA0-2B1BBFAFAE9D}"
EndProject
Project("{8BC9CEB8-8B4A-11D0-8D11-00A0C91BC942}") = "2523-별 찍기 - 13", "2523-별 찍기 - 13\2523-별 찍기 - 13.vcxproj", "{224DFCA8-35D6-4EF0-8774-D0631D356F28}"
EndProject
Project("{8BC9CEB8-8B4A-11D0-8D11-00A0C91BC942}") = "2446-별 찍기 - 9", "2446-별 찍기 - 9\2446-별 찍기 - 9.vcxproj", "{6187B8B3-61CF-4230-8745-50FD9C172703}"
EndProject
Project("{8BC9CEB8-8B4A-11D0-8D11-00A0C91BC942}") = "10996-별 찍기 - 21", "10996-별 찍기 - 21\10996-별 찍기 - 21.vcxproj", "{D42AA097-7789-4BE9-A126-BE5E4176206E}"
EndProject
Project("{8BC9CEB8-8B4A-11D0-8D11-00A0C91BC942}") = "2562-최댓값", "2562-최댓값\2562-최댓값.vcxproj", "{C47694FF-EF84-4EE8-AF8D-A73CEA71A643}"
EndProject
Project("{8BC9CEB8-8B4A-11D0-8D11-00A0C91BC942}") = "10818-최소, 최대", "10818-최소, 최대\10818-최소, 최대.vcxproj", "{849F6823-D5B8-4D5A-89C1-09AA489ABA74}"
EndProject
Project("{8BC9CEB8-8B4A-11D0-8D11-00A0C91BC942}") = "3052-나머지", "3052-나머지\3052-나머지.vcxproj", "{7BEF02DF-D612-4892-9DEB-52C631B656B6}"
EndProject
Project("{8BC9CEB8-8B4A-11D0-8D11-00A0C91BC942}") = "15596-정수 N개의 합", "15596-정수 N개의 합\15596-정수 N개의 합.vcxproj", "{63B14F63-0412-4649-A449-67B6FBFF95B3}"
EndProject
Project("{8BC9CEB8-8B4A-11D0-8D11-00A0C91BC942}") = "1712-손익분기점", "1712-손익분기점\1712-손익분기점.vcxproj", "{E50E2AB9-FCE0-4935-9037-B3F5FD7DBADB}"
EndProject
Project("{8BC9CEB8-8B4A-11D0-8D11-00A0C91BC942}") = "1085-직사각형에서 탈출", "1085-직사각형에서 탈출\1085-직사각형에서 탈출.vcxproj", "{F30BAD21-069F-427C-9C92-AFB9DB33C58F}"
EndProject
Project("{8BC9CEB8-8B4A-11D0-8D11-00A0C91BC942}") = "3009-네 번째 점", "3009-네 번째 점\3009-네 번째 점.vcxproj", "{A8101318-7A47-4C74-8627-C42FE3BDC43A}"
EndProject
Project("{8BC9CEB8-8B4A-11D0-8D11-00A0C91BC942}") = "4153-직각삼각형", "4153-직각삼각형\4153-직각삼각형.vcxproj", "{181729DB-81FA-4614-9CDD-8BB35D25BBFA}"
EndProject
Project("{8BC9CEB8-8B4A-11D0-8D11-00A0C91BC942}") = "3053-택시 기하학", "3053-택시 기하학\3053-택시 기하학.vcxproj", "{62FA9B22-CEC6-4252-81B5-68C049A5A495}"
EndProject
Project("{8BC9CEB8-8B4A-11D0-8D11-00A0C91BC942}") = "10870-피보나치 수 5", "10870-피보나치 수 5\10870-피보나치 수 5.vcxproj", "{F9AE10D0-E5E7-4FF2-A561-0280CCF4CCC5}"
EndProject
Project("{8BC9CEB8-8B4A-11D0-8D11-00A0C91BC942}") = "2447-별 찍기 - 10", "2447-별 찍기 - 10\2447-별 찍기 - 10.vcxproj", "{842D1356-2ABD-4F77-B756-8B812CADB6A0}"
EndProject
Project("{8BC9CEB8-8B4A-11D0-8D11-00A0C91BC942}") = "PerformanceTest map vs vector", "PerformanceTest map vs vector\PerformanceTest map vs vector.vcxproj", "{EC1A5B17-AC61-4A5C-85FD-53478306CCF6}"
EndProject
Project("{8BC9CEB8-8B4A-11D0-8D11-00A0C91BC942}") = "PerformanceTest vector loop difference", "PerformanceTest vector loop difference\PerformanceTest vector loop difference.vcxproj", "{4AF0B251-18EB-4458-A705-C140B6438503}"
EndProject
Project("{8BC9CEB8-8B4A-11D0-8D11-00A0C91BC942}") = "p-완주하지 못한 선수", "p-완주하지 못한 선수\p-완주하지 못한 선수.vcxproj", "{07052653-A551-4C51-91A7-C24A5D2307B9}"
EndProject
Project("{8BC9CEB8-8B4A-11D0-8D11-00A0C91BC942}") = "p-탑", "p-탑\p-탑.vcxproj", "{1DDF15B3-4BB2-41CC-8B41-9F92B98846E9}"
EndProject
Project("{8BC9CEB8-8B4A-11D0-8D11-00A0C91BC942}") = "p-다리를 지나는 트럭", "p-다리를 지나는 트럭\p-다리를 지나는 트럭.vcxproj", "{67D87BAD-390A-4663-97CB-C6371FED6283}"
EndProject
Project("{8BC9CEB8-8B4A-11D0-8D11-00A0C91BC942}") = "p-소수 찾기", "p-소수 찾기\p-소수 찾기.vcxproj", "{3F455763-F916-4153-9A87-37683948EAAE}"
EndProject
Global
	GlobalSection(SolutionConfigurationPlatforms) = preSolution
		Debug|x64 = Debug|x64
		Debug|x86 = Debug|x86
		Release|x64 = Release|x64
		Release|x86 = Release|x86
	EndGlobalSection
	GlobalSection(ProjectConfigurationPlatforms) = postSolution
		{02D60418-2AEB-43A1-B995-C15644433DEE}.Debug|x64.ActiveCfg = Debug|x64
		{02D60418-2AEB-43A1-B995-C15644433DEE}.Debug|x64.Build.0 = Debug|x64
		{02D60418-2AEB-43A1-B995-C15644433DEE}.Debug|x86.ActiveCfg = Debug|Win32
		{02D60418-2AEB-43A1-B995-C15644433DEE}.Debug|x86.Build.0 = Debug|Win32
		{02D60418-2AEB-43A1-B995-C15644433DEE}.Release|x64.ActiveCfg = Release|x64
		{02D60418-2AEB-43A1-B995-C15644433DEE}.Release|x64.Build.0 = Release|x64
		{02D60418-2AEB-43A1-B995-C15644433DEE}.Release|x86.ActiveCfg = Release|Win32
		{02D60418-2AEB-43A1-B995-C15644433DEE}.Release|x86.Build.0 = Release|Win32
		{836148CE-BBCE-47D7-AFE7-277F32C02E37}.Debug|x64.ActiveCfg = Debug|x64
		{836148CE-BBCE-47D7-AFE7-277F32C02E37}.Debug|x64.Build.0 = Debug|x64
		{836148CE-BBCE-47D7-AFE7-277F32C02E37}.Debug|x86.ActiveCfg = Debug|Win32
		{836148CE-BBCE-47D7-AFE7-277F32C02E37}.Debug|x86.Build.0 = Debug|Win32
		{836148CE-BBCE-47D7-AFE7-277F32C02E37}.Release|x64.ActiveCfg = Release|x64
		{836148CE-BBCE-47D7-AFE7-277F32C02E37}.Release|x64.Build.0 = Release|x64
		{836148CE-BBCE-47D7-AFE7-277F32C02E37}.Release|x86.ActiveCfg = Release|Win32
		{836148CE-BBCE-47D7-AFE7-277F32C02E37}.Release|x86.Build.0 = Release|Win32
		{C590188A-A962-4354-9DA0-2B1BBFAFAE9D}.Debug|x64.ActiveCfg = Debug|x64
		{C590188A-A962-4354-9DA0-2B1BBFAFAE9D}.Debug|x64.Build.0 = Debug|x64
		{C590188A-A962-4354-9DA0-2B1BBFAFAE9D}.Debug|x86.ActiveCfg = Debug|Win32
		{C590188A-A962-4354-9DA0-2B1BBFAFAE9D}.Debug|x86.Build.0 = Debug|Win32
		{C590188A-A962-4354-9DA0-2B1BBFAFAE9D}.Release|x64.ActiveCfg = Release|x64
		{C590188A-A962-4354-9DA0-2B1BBFAFAE9D}.Release|x64.Build.0 = Release|x64
		{C590188A-A962-4354-9DA0-2B1BBFAFAE9D}.Release|x86.ActiveCfg = Release|Win32
		{C590188A-A962-4354-9DA0-2B1BBFAFAE9D}.Release|x86.Build.0 = Release|Win32
		{224DFCA8-35D6-4EF0-8774-D0631D356F28}.Debug|x64.ActiveCfg = Debug|x64
		{224DFCA8-35D6-4EF0-8774-D0631D356F28}.Debug|x64.Build.0 = Debug|x64
		{224DFCA8-35D6-4EF0-8774-D0631D356F28}.Debug|x86.ActiveCfg = Debug|Win32
		{224DFCA8-35D6-4EF0-8774-D0631D356F28}.Debug|x86.Build.0 = Debug|Win32
		{224DFCA8-35D6-4EF0-8774-D0631D356F28}.Release|x64.ActiveCfg = Release|x64
		{224DFCA8-35D6-4EF0-8774-D0631D356F28}.Release|x64.Build.0 = Release|x64
		{224DFCA8-35D6-4EF0-8774-D0631D356F28}.Release|x86.ActiveCfg = Release|Win32
		{224DFCA8-35D6-4EF0-8774-D0631D356F28}.Release|x86.Build.0 = Release|Win32
		{6187B8B3-61CF-4230-8745-50FD9C172703}.Debug|x64.ActiveCfg = Debug|x64
		{6187B8B3-61CF-4230-8745-50FD9C172703}.Debug|x64.Build.0 = Debug|x64
		{6187B8B3-61CF-4230-8745-50FD9C172703}.Debug|x86.ActiveCfg = Debug|Win32
		{6187B8B3-61CF-4230-8745-50FD9C172703}.Debug|x86.Build.0 = Debug|Win32
		{6187B8B3-61CF-4230-8745-50FD9C172703}.Release|x64.ActiveCfg = Release|x64
		{6187B8B3-61CF-4230-8745-50FD9C172703}.Release|x64.Build.0 = Release|x64
		{6187B8B3-61CF-4230-8745-50FD9C172703}.Release|x86.ActiveCfg = Release|Win32
		{6187B8B3-61CF-4230-8745-50FD9C172703}.Release|x86.Build.0 = Release|Win32
		{D42AA097-7789-4BE9-A126-BE5E4176206E}.Debug|x64.ActiveCfg = Debug|x64
		{D42AA097-7789-4BE9-A126-BE5E4176206E}.Debug|x64.Build.0 = Debug|x64
		{D42AA097-7789-4BE9-A126-BE5E4176206E}.Debug|x86.ActiveCfg = Debug|Win32
		{D42AA097-7789-4BE9-A126-BE5E4176206E}.Debug|x86.Build.0 = Debug|Win32
		{D42AA097-7789-4BE9-A126-BE5E4176206E}.Release|x64.ActiveCfg = Release|x64
		{D42AA097-7789-4BE9-A126-BE5E4176206E}.Release|x64.Build.0 = Release|x64
		{D42AA097-7789-4BE9-A126-BE5E4176206E}.Release|x86.ActiveCfg = Release|Win32
		{D42AA097-7789-4BE9-A126-BE5E4176206E}.Release|x86.Build.0 = Release|Win32
		{C47694FF-EF84-4EE8-AF8D-A73CEA71A643}.Debug|x64.ActiveCfg = Debug|x64
		{C47694FF-EF84-4EE8-AF8D-A73CEA71A643}.Debug|x64.Build.0 = Debug|x64
		{C47694FF-EF84-4EE8-AF8D-A73CEA71A643}.Debug|x86.ActiveCfg = Debug|Win32
		{C47694FF-EF84-4EE8-AF8D-A73CEA71A643}.Debug|x86.Build.0 = Debug|Win32
		{C47694FF-EF84-4EE8-AF8D-A73CEA71A643}.Release|x64.ActiveCfg = Release|x64
		{C47694FF-EF84-4EE8-AF8D-A73CEA71A643}.Release|x64.Build.0 = Release|x64
		{C47694FF-EF84-4EE8-AF8D-A73CEA71A643}.Release|x86.ActiveCfg = Release|Win32
		{C47694FF-EF84-4EE8-AF8D-A73CEA71A643}.Release|x86.Build.0 = Release|Win32
		{849F6823-D5B8-4D5A-89C1-09AA489ABA74}.Debug|x64.ActiveCfg = Debug|x64
		{849F6823-D5B8-4D5A-89C1-09AA489ABA74}.Debug|x64.Build.0 = Debug|x64
		{849F6823-D5B8-4D5A-89C1-09AA489ABA74}.Debug|x86.ActiveCfg = Debug|Win32
		{849F6823-D5B8-4D5A-89C1-09AA489ABA74}.Debug|x86.Build.0 = Debug|Win32
		{849F6823-D5B8-4D5A-89C1-09AA489ABA74}.Release|x64.ActiveCfg = Release|x64
		{849F6823-D5B8-4D5A-89C1-09AA489ABA74}.Release|x64.Build.0 = Release|x64
		{849F6823-D5B8-4D5A-89C1-09AA489ABA74}.Release|x86.ActiveCfg = Release|Win32
		{849F6823-D5B8-4D5A-89C1-09AA489ABA74}.Release|x86.Build.0 = Release|Win32
		{7BEF02DF-D612-4892-9DEB-52C631B656B6}.Debug|x64.ActiveCfg = Debug|x64
		{7BEF02DF-D612-4892-9DEB-52C631B656B6}.Debug|x64.Build.0 = Debug|x64
		{7BEF02DF-D612-4892-9DEB-52C631B656B6}.Debug|x86.ActiveCfg = Debug|Win32
		{7BEF02DF-D612-4892-9DEB-52C631B656B6}.Debug|x86.Build.0 = Debug|Win32
		{7BEF02DF-D612-4892-9DEB-52C631B656B6}.Release|x64.ActiveCfg = Release|x64
		{7BEF02DF-D612-4892-9DEB-52C631B656B6}.Release|x64.Build.0 = Release|x64
		{7BEF02DF-D612-4892-9DEB-52C631B656B6}.Release|x86.ActiveCfg = Release|Win32
		{7BEF02DF-D612-4892-9DEB-52C631B656B6}.Release|x86.Build.0 = Release|Win32
		{63B14F63-0412-4649-A449-67B6FBFF95B3}.Debug|x64.ActiveCfg = Debug|x64
		{63B14F63-0412-4649-A449-67B6FBFF95B3}.Debug|x64.Build.0 = Debug|x64
		{63B14F63-0412-4649-A449-67B6FBFF95B3}.Debug|x86.ActiveCfg = Debug|Win32
		{63B14F63-0412-4649-A449-67B6FBFF95B3}.Debug|x86.Build.0 = Debug|Win32
		{63B14F63-0412-4649-A449-67B6FBFF95B3}.Release|x64.ActiveCfg = Release|x64
		{63B14F63-0412-4649-A449-67B6FBFF95B3}.Release|x64.Build.0 = Release|x64
		{63B14F63-0412-4649-A449-67B6FBFF95B3}.Release|x86.ActiveCfg = Release|Win32
		{63B14F63-0412-4649-A449-67B6FBFF95B3}.Release|x86.Build.0 = Release|Win32
		{E50E2AB9-FCE0-4935-9037-B3F5FD7DBADB}.Debug|x64.ActiveCfg = Debug|x64
		{E50E2AB9-FCE0-4935-9037-B3F5FD7DBADB}.Debug|x64.Build.0 = Debug|x64
		{E50E2AB9-FCE0-4935-9037-B3F5FD7DBADB}.Debug|x86.ActiveCfg = Debug|Win32
		{E50E2AB9-FCE0-4935-9037-B3F5FD7DBADB}.Debug|x86.Build.0 = Debug|Win32
		{E50E2AB9-FCE0-4935-9037-B3F5FD7DBADB}.Release|x64.ActiveCfg = Release|x64
		{E50E2AB9-FCE0-4935-9037-B3F5FD7DBADB}.Release|x64.Build.0 = Release|x64
		{E50E2AB9-FCE0-4935-9037-B3F5FD7DBADB}.Release|x86.ActiveCfg = Release|Win32
		{E50E2AB9-FCE0-4935-9037-B3F5FD7DBADB}.Release|x86.Build.0 = Release|Win32
		{F30BAD21-069F-427C-9C92-AFB9DB33C58F}.Debug|x64.ActiveCfg = Debug|x64
		{F30BAD21-069F-427C-9C92-AFB9DB33C58F}.Debug|x64.Build.0 = Debug|x64
		{F30BAD21-069F-427C-9C92-AFB9DB33C58F}.Debug|x86.ActiveCfg = Debug|Win32
		{F30BAD21-069F-427C-9C92-AFB9DB33C58F}.Debug|x86.Build.0 = Debug|Win32
		{F30BAD21-069F-427C-9C92-AFB9DB33C58F}.Release|x64.ActiveCfg = Release|x64
		{F30BAD21-069F-427C-9C92-AFB9DB33C58F}.Release|x64.Build.0 = Release|x64
		{F30BAD21-069F-427C-9C92-AFB9DB33C58F}.Release|x86.ActiveCfg = Release|Win32
		{F30BAD21-069F-427C-9C92-AFB9DB33C58F}.Release|x86.Build.0 = Release|Win32
		{A8101318-7A47-4C74-8627-C42FE3BDC43A}.Debug|x64.ActiveCfg = Debug|x64
		{A8101318-7A47-4C74-8627-C42FE3BDC43A}.Debug|x64.Build.0 = Debug|x64
		{A8101318-7A47-4C74-8627-C42FE3BDC43A}.Debug|x86.ActiveCfg = Debug|Win32
		{A8101318-7A47-4C74-8627-C42FE3BDC43A}.Debug|x86.Build.0 = Debug|Win32
		{A8101318-7A47-4C74-8627-C42FE3BDC43A}.Release|x64.ActiveCfg = Release|x64
		{A8101318-7A47-4C74-8627-C42FE3BDC43A}.Release|x64.Build.0 = Release|x64
		{A8101318-7A47-4C74-8627-C42FE3BDC43A}.Release|x86.ActiveCfg = Release|Win32
		{A8101318-7A47-4C74-8627-C42FE3BDC43A}.Release|x86.Build.0 = Release|Win32
		{181729DB-81FA-4614-9CDD-8BB35D25BBFA}.Debug|x64.ActiveCfg = Debug|x64
		{181729DB-81FA-4614-9CDD-8BB35D25BBFA}.Debug|x64.Build.0 = Debug|x64
		{181729DB-81FA-4614-9CDD-8BB35D25BBFA}.Debug|x86.ActiveCfg = Debug|Win32
		{181729DB-81FA-4614-9CDD-8BB35D25BBFA}.Debug|x86.Build.0 = Debug|Win32
		{181729DB-81FA-4614-9CDD-8BB35D25BBFA}.Release|x64.ActiveCfg = Release|x64
		{181729DB-81FA-4614-9CDD-8BB35D25BBFA}.Release|x64.Build.0 = Release|x64
		{181729DB-81FA-4614-9CDD-8BB35D25BBFA}.Release|x86.ActiveCfg = Release|Win32
		{181729DB-81FA-4614-9CDD-8BB35D25BBFA}.Release|x86.Build.0 = Release|Win32
		{62FA9B22-CEC6-4252-81B5-68C049A5A495}.Debug|x64.ActiveCfg = Debug|x64
		{62FA9B22-CEC6-4252-81B5-68C049A5A495}.Debug|x64.Build.0 = Debug|x64
		{62FA9B22-CEC6-4252-81B5-68C049A5A495}.Debug|x86.ActiveCfg = Debug|Win32
		{62FA9B22-CEC6-4252-81B5-68C049A5A495}.Debug|x86.Build.0 = Debug|Win32
		{62FA9B22-CEC6-4252-81B5-68C049A5A495}.Release|x64.ActiveCfg = Release|x64
		{62FA9B22-CEC6-4252-81B5-68C049A5A495}.Release|x64.Build.0 = Release|x64
		{62FA9B22-CEC6-4252-81B5-68C049A5A495}.Release|x86.ActiveCfg = Release|Win32
		{62FA9B22-CEC6-4252-81B5-68C049A5A495}.Release|x86.Build.0 = Release|Win32
		{F9AE10D0-E5E7-4FF2-A561-0280CCF4CCC5}.Debug|x64.ActiveCfg = Debug|x64
		{F9AE10D0-E5E7-4FF2-A561-0280CCF4CCC5}.Debug|x64.Build.0 = Debug|x64
		{F9AE10D0-E5E7-4FF2-A561-0280CCF4CCC5}.Debug|x86.ActiveCfg = Debug|Win32
		{F9AE10D0-E5E7-4FF2-A561-0280CCF4CCC5}.Debug|x86.Build.0 = Debug|Win32
		{F9AE10D0-E5E7-4FF2-A561-0280CCF4CCC5}.Release|x64.ActiveCfg = Release|x64
		{F9AE10D0-E5E7-4FF2-A561-0280CCF4CCC5}.Release|x64.Build.0 = Release|x64
		{F9AE10D0-E5E7-4FF2-A561-0280CCF4CCC5}.Release|x86.ActiveCfg = Release|Win32
		{F9AE10D0-E5E7-4FF2-A561-0280CCF4CCC5}.Release|x86.Build.0 = Release|Win32
		{842D1356-2ABD-4F77-B756-8B812CADB6A0}.Debug|x64.ActiveCfg = Debug|x64
		{842D1356-2ABD-4F77-B756-8B812CADB6A0}.Debug|x64.Build.0 = Debug|x64
		{842D1356-2ABD-4F77-B756-8B812CADB6A0}.Debug|x86.ActiveCfg = Debug|Win32
		{842D1356-2ABD-4F77-B756-8B812CADB6A0}.Debug|x86.Build.0 = Debug|Win32
		{842D1356-2ABD-4F77-B756-8B812CADB6A0}.Release|x64.ActiveCfg = Release|x64
		{842D1356-2ABD-4F77-B756-8B812CADB6A0}.Release|x64.Build.0 = Release|x64
		{842D1356-2ABD-4F77-B756-8B812CADB6A0}.Release|x86.ActiveCfg = Release|Win32
		{842D1356-2ABD-4F77-B756-8B812CADB6A0}.Release|x86.Build.0 = Release|Win32
		{EC1A5B17-AC61-4A5C-85FD-53478306CCF6}.Debug|x64.ActiveCfg = Debug|x64
		{EC1A5B17-AC61-4A5C-85FD-53478306CCF6}.Debug|x64.Build.0 = Debug|x64
		{EC1A5B17-AC61-4A5C-85FD-53478306CCF6}.Debug|x86.ActiveCfg = Debug|Win32
		{EC1A5B17-AC61-4A5C-85FD-53478306CCF6}.Debug|x86.Build.0 = Debug|Win32
		{EC1A5B17-AC61-4A5C-85FD-53478306CCF6}.Release|x64.ActiveCfg = Release|x64
		{EC1A5B17-AC61-4A5C-85FD-53478306CCF6}.Release|x64.Build.0 = Release|x64
		{EC1A5B17-AC61-4A5C-85FD-53478306CCF6}.Release|x86.ActiveCfg = Release|Win32
		{EC1A5B17-AC61-4A5C-85FD-53478306CCF6}.Release|x86.Build.0 = Release|Win32
		{4AF0B251-18EB-4458-A705-C140B6438503}.Debug|x64.ActiveCfg = Debug|x64
		{4AF0B251-18EB-4458-A705-C140B6438503}.Debug|x64.Build.0 = Debug|x64
		{4AF0B251-18EB-4458-A705-C140B6438503}.Debug|x86.ActiveCfg = Debug|Win32
		{4AF0B251-18EB-4458-A705-C140B6438503}.Debug|x86.Build.0 = Debug|Win32
		{4AF0B251-18EB-4458-A705-C140B6438503}.Release|x64.ActiveCfg = Release|x64
		{4AF0B251-18EB-4458-A705-C140B6438503}.Release|x64.Build.0 = Release|x64
		{4AF0B251-18EB-4458-A705-C140B6438503}.Release|x86.ActiveCfg = Release|Win32
		{4AF0B251-18EB-4458-A705-C140B6438503}.Release|x86.Build.0 = Release|Win32
		{07052653-A551-4C51-91A7-C24A5D2307B9}.Debug|x64.ActiveCfg = Debug|x64
		{07052653-A551-4C51-91A7-C24A5D2307B9}.Debug|x64.Build.0 = Debug|x64
		{07052653-A551-4C51-91A7-C24A5D2307B9}.Debug|x86.ActiveCfg = Debug|Win32
		{07052653-A551-4C51-91A7-C24A5D2307B9}.Debug|x86.Build.0 = Debug|Win32
		{07052653-A551-4C51-91A7-C24A5D2307B9}.Release|x64.ActiveCfg = Release|x64
		{07052653-A551-4C51-91A7-C24A5D2307B9}.Release|x64.Build.0 = Release|x64
		{07052653-A551-4C51-91A7-C24A5D2307B9}.Release|x86.ActiveCfg = Release|Win32
		{07052653-A551-4C51-91A7-C24A5D2307B9}.Release|x86.Build.0 = Release|Win32
		{1DDF15B3-4BB2-41CC-8B41-9F92B98846E9}.Debug|x64.ActiveCfg = Debug|x64
		{1DDF15B3-4BB2-41CC-8B41-9F92B98846E9}.Debug|x64.Build.0 = Debug|x64
		{1DDF15B3-4BB2-41CC-8B41-9F92B98846E9}.Debug|x86.ActiveCfg = Debug|Win32
		{1DDF15B3-4BB2-41CC-8B41-9F92B98846E9}.Debug|x86.Build.0 = Debug|Win32
		{1DDF15B3-4BB2-41CC-8B41-9F92B98846E9}.Release|x64.ActiveCfg = Release|x64
		{1DDF15B3-4BB2-41CC-8B41-9F92B98846E9}.Release|x64.Build.0 = Release|x64
		{1DDF15B3-4BB2-41CC-8B41-9F92B98846E9}.Release|x86.ActiveCfg = Release|Win32
		{1DDF15B3-4BB2-41CC-8B41-9F92B98846E9}.Release|x86.Build.0 = Release|Win32
		{67D87BAD-390A-4663-97CB-C6371FED6283}.Debug|x64.ActiveCfg = Debug|x64
		{67D87BAD-390A-4663-97CB-C6371FED6283}.Debug|x64.Build.0 = Debug|x64
		{67D87BAD-390A-4663-97CB-C6371FED6283}.Debug|x86.ActiveCfg = Debug|Win32
		{67D87BAD-390A-4663-97CB-C6371FED6283}.Debug|x86.Build.0 = Debug|Win32
		{67D87BAD-390A-4663-97CB-C6371FED6283}.Release|x64.ActiveCfg = Release|x64
		{67D87BAD-390A-4663-97CB-C6371FED6283}.Release|x64.Build.0 = Release|x64
		{67D87BAD-390A-4663-97CB-C6371FED6283}.Release|x86.ActiveCfg = Release|Win32
		{67D87BAD-390A-4663-97CB-C6371FED6283}.Release|x86.Build.0 = Release|Win32
		{3F455763-F916-4153-9A87-37683948EAAE}.Debug|x64.ActiveCfg = Debug|x64
		{3F455763-F916-4153-9A87-37683948EAAE}.Debug|x64.Build.0 = Debug|x64
		{3F455763-F916-4153-9A87-37683948EAAE}.Debug|x86.ActiveCfg = Debug|Win32
		{3F455763-F916-4153-9A87-37683948EAAE}.Debug|x86.Build.0 = Debug|Win32
		{3F455763-F916-4153-9A87-37683948EAAE}.Release|x64.ActiveCfg = Release|x64
		{3F455763-F916-4153-9A87-37683948EAAE}.Release|x64.Build.0 = Release|x64
		{3F455763-F916-4153-9A87-37683948EAAE}.Release|x86.ActiveCfg = Release|Win32
		{3F455763-F916-4153-9A87-37683948EAAE}.Release|x86.Build.0 = Release|Win32
	EndGlobalSection
	GlobalSection(SolutionProperties) = preSolution
		HideSolutionNode = FALSE
	EndGlobalSection
	GlobalSection(ExtensibilityGlobals) = postSolution
		SolutionGuid = {A38F5844-2AF3-4392-B89A-5E3995B1452F}
	EndGlobalSection
EndGlobal
